
Microsoft Visual Studio Solution File, Format Version 12.00
# Visual Studio Version 17
VisualStudioVersion = 17.0.31903.59
MinimumVisualStudioVersion = 10.0.40219.1
Project("{2150E333-8FDC-42A3-9474-1A3956D46DE8}") = "src", "src", "{F12B45B0-47EC-498D-9B4B-3123F382D718}"
EndProject
Project("{FAE04EC0-301F-11D3-BF4B-00C04F79EFBC}") = "GooglePhotoWallpaper", "src\GooglePhotoWallpaper\GooglePhotoWallpaper.csproj", "{95BEC88C-8DB2-4B8E-9E9C-F069BF84456C}"
EndProject
Project("{2150E333-8FDC-42A3-9474-1A3956D46DE8}") = "tests", "tests", "{F0926BF7-DA98-4110-87C5-24C8D23E89F9}"
EndProject
Project("{FAE04EC0-301F-11D3-BF4B-00C04F79EFBC}") = "UnitTests", "tests\UnitTests\UnitTests.csproj", "{4032D985-203F-4B59-8AD2-4F4BB861413E}"
EndProject
Global
	GlobalSection(SolutionConfigurationPlatforms) = preSolution
		Debug|Any CPU = Debug|Any CPU
		Release|Any CPU = Release|Any CPU
	EndGlobalSection
	GlobalSection(SolutionProperties) = preSolution
		HideSolutionNode = FALSE
	EndGlobalSection
	GlobalSection(ProjectConfigurationPlatforms) = postSolution
		{95BEC88C-8DB2-4B8E-9E9C-F069BF84456C}.Debug|Any CPU.ActiveCfg = Debug|Any CPU
		{95BEC88C-8DB2-4B8E-9E9C-F069BF84456C}.Debug|Any CPU.Build.0 = Debug|Any CPU
		{95BEC88C-8DB2-4B8E-9E9C-F069BF84456C}.Release|Any CPU.ActiveCfg = Release|Any CPU
		{95BEC88C-8DB2-4B8E-9E9C-F069BF84456C}.Release|Any CPU.Build.0 = Release|Any CPU
		{4032D985-203F-4B59-8AD2-4F4BB861413E}.Debug|Any CPU.ActiveCfg = Debug|Any CPU
		{4032D985-203F-4B59-8AD2-4F4BB861413E}.Debug|Any CPU.Build.0 = Debug|Any CPU
		{4032D985-203F-4B59-8AD2-4F4BB861413E}.Release|Any CPU.ActiveCfg = Release|Any CPU
		{4032D985-203F-4B59-8AD2-4F4BB861413E}.Release|Any CPU.Build.0 = Release|Any CPU
	EndGlobalSection
	GlobalSection(NestedProjects) = preSolution
		{95BEC88C-8DB2-4B8E-9E9C-F069BF84456C} = {F12B45B0-47EC-498D-9B4B-3123F382D718}
		{4032D985-203F-4B59-8AD2-4F4BB861413E} = {F0926BF7-DA98-4110-87C5-24C8D23E89F9}
	EndGlobalSection
EndGlobal
